// !$*UTF8*$!
{
	archiveVersion = 1;
	classes = {
	};
	objectVersion = 46;
	objects = {

/* Begin PBXBuildFile section */
		38A7EEEC1ADE5E4700CE7AA6 /* main.m in Sources */ = {isa = PBXBuildFile; fileRef = 38A7EEEB1ADE5E4700CE7AA6 /* main.m */; };
		38A7EEEF1ADE5E4700CE7AA6 /* AppDelegate.m in Sources */ = {isa = PBXBuildFile; fileRef = 38A7EEEE1ADE5E4700CE7AA6 /* AppDelegate.m */; };
		38A7EEF21ADE5E4700CE7AA6 /* ViewController.m in Sources */ = {isa = PBXBuildFile; fileRef = 38A7EEF11ADE5E4700CE7AA6 /* ViewController.m */; };
		38A7EEF51ADE5E4700CE7AA6 /* Main.storyboard in Resources */ = {isa = PBXBuildFile; fileRef = 38A7EEF31ADE5E4700CE7AA6 /* Main.storyboard */; };
		38A7EEF71ADE5E4700CE7AA6 /* Images.xcassets in Resources */ = {isa = PBXBuildFile; fileRef = 38A7EEF61ADE5E4700CE7AA6 /* Images.xcassets */; };
		38A7EEFA1ADE5E4700CE7AA6 /* LaunchScreen.xib in Resources */ = {isa = PBXBuildFile; fileRef = 38A7EEF81ADE5E4700CE7AA6 /* LaunchScreen.xib */; };
		38A7EF061ADE5E4700CE7AA6 /* ZCalendarTests.m in Sources */ = {isa = PBXBuildFile; fileRef = 38A7EF051ADE5E4700CE7AA6 /* ZCalendarTests.m */; };
		38A7EF141ADE61DE00CE7AA6 /* ZCalendarCollectionView.m in Sources */ = {isa = PBXBuildFile; fileRef = 38A7EF131ADE61DE00CE7AA6 /* ZCalendarCollectionView.m */; };
		38A7EF171ADE624500CE7AA6 /* ZCalendarDrawViewCell.m in Sources */ = {isa = PBXBuildFile; fileRef = 38A7EF161ADE624500CE7AA6 /* ZCalendarDrawViewCell.m */; };
		38A7EF1D1ADE740000CE7AA6 /* ZCalendarView.m in Sources */ = {isa = PBXBuildFile; fileRef = 38A7EF1C1ADE740000CE7AA6 /* ZCalendarView.m */; };
/* End PBXBuildFile section */

/* Begin PBXContainerItemProxy section */
		38A7EF001ADE5E4700CE7AA6 /* PBXContainerItemProxy */ = {
			isa = PBXContainerItemProxy;
			containerPortal = 38A7EEDE1ADE5E4700CE7AA6 /* Project object */;
			proxyType = 1;
			remoteGlobalIDString = 38A7EEE51ADE5E4700CE7AA6;
			remoteInfo = ZCalendar;
		};
/* End PBXContainerItemProxy section */

/* Begin PBXFileReference section */
		38A7EEE61ADE5E4700CE7AA6 /* ZCalendar.app */ = {isa = PBXFileReference; explicitFileType = wrapper.application; includeInIndex = 0; path = ZCalendar.app; sourceTree = BUILT_PRODUCTS_DIR; };
		38A7EEEA1ADE5E4700CE7AA6 /* Info.plist */ = {isa = PBXFileReference; lastKnownFileType = text.plist.xml; path = Info.plist; sourceTree = "<group>"; };
		38A7EEEB1ADE5E4700CE7AA6 /* main.m */ = {isa = PBXFileReference; lastKnownFileType = sourcecode.c.objc; path = main.m; sourceTree = "<group>"; };
		38A7EEED1ADE5E4700CE7AA6 /* AppDelegate.h */ = {isa = PBXFileReference; lastKnownFileType = sourcecode.c.h; path = AppDelegate.h; sourceTree = "<group>"; };
		38A7EEEE1ADE5E4700CE7AA6 /* AppDelegate.m */ = {isa = PBXFileReference; lastKnownFileType = sourcecode.c.objc; path = AppDelegate.m; sourceTree = "<group>"; };
		38A7EEF01ADE5E4700CE7AA6 /* ViewController.h */ = {isa = PBXFileReference; lastKnownFileType = sourcecode.c.h; path = ViewController.h; sourceTree = "<group>"; };
		38A7EEF11ADE5E4700CE7AA6 /* ViewController.m */ = {isa = PBXFileReference; lastKnownFileType = sourcecode.c.objc; path = ViewController.m; sourceTree = "<group>"; };
		38A7EEF41ADE5E4700CE7AA6 /* Base */ = {isa = PBXFileReference; lastKnownFileType = file.storyboard; name = Base; path = Base.lproj/Main.storyboard; sourceTree = "<group>"; };
		38A7EEF61ADE5E4700CE7AA6 /* Images.xcassets */ = {isa = PBXFileReference; lastKnownFileType = folder.assetcatalog; path = Images.xcassets; sourceTree = "<group>"; };
		38A7EEF91ADE5E4700CE7AA6 /* Base */ = {isa = PBXFileReference; lastKnownFileType = file.xib; name = Base; path = Base.lproj/LaunchScreen.xib; sourceTree = "<group>"; };
		38A7EEFF1ADE5E4700CE7AA6 /* ZCalendarTests.xctest */ = {isa = PBXFileReference; explicitFileType = wrapper.cfbundle; includeInIndex = 0; path = ZCalendarTests.xctest; sourceTree = BUILT_PRODUCTS_DIR; };
		38A7EF041ADE5E4700CE7AA6 /* Info.plist */ = {isa = PBXFileReference; lastKnownFileType = text.plist.xml; path = Info.plist; sourceTree = "<group>"; };
		38A7EF051ADE5E4700CE7AA6 /* ZCalendarTests.m */ = {isa = PBXFileReference; lastKnownFileType = sourcecode.c.objc; path = ZCalendarTests.m; sourceTree = "<group>"; };
		38A7EF121ADE61DE00CE7AA6 /* ZCalendarCollectionView.h */ = {isa = PBXFileReference; fileEncoding = 4; lastKnownFileType = sourcecode.c.h; path = ZCalendarCollectionView.h; sourceTree = "<group>"; };
		38A7EF131ADE61DE00CE7AA6 /* ZCalendarCollectionView.m */ = {isa = PBXFileReference; fileEncoding = 4; lastKnownFileType = sourcecode.c.objc; path = ZCalendarCollectionView.m; sourceTree = "<group>"; };
		38A7EF151ADE624500CE7AA6 /* ZCalendarDrawViewCell.h */ = {isa = PBXFileReference; fileEncoding = 4; lastKnownFileType = sourcecode.c.h; path = ZCalendarDrawViewCell.h; sourceTree = "<group>"; };
		38A7EF161ADE624500CE7AA6 /* ZCalendarDrawViewCell.m */ = {isa = PBXFileReference; fileEncoding = 4; lastKnownFileType = sourcecode.c.objc; path = ZCalendarDrawViewCell.m; sourceTree = "<group>"; };
		38A7EF1B1ADE740000CE7AA6 /* ZCalendarView.h */ = {isa = PBXFileReference; fileEncoding = 4; lastKnownFileType = sourcecode.c.h; path = ZCalendarView.h; sourceTree = "<group>"; };
		38A7EF1C1ADE740000CE7AA6 /* ZCalendarView.m */ = {isa = PBXFileReference; fileEncoding = 4; lastKnownFileType = sourcecode.c.objc; path = ZCalendarView.m; sourceTree = "<group>"; };
/* End PBXFileReference section */

/* Begin PBXFrameworksBuildPhase section */
		38A7EEE31ADE5E4700CE7AA6 /* Frameworks */ = {
			isa = PBXFrameworksBuildPhase;
			buildActionMask = 2147483647;
			files = (
			);
			runOnlyForDeploymentPostprocessing = 0;
		};
		38A7EEFC1ADE5E4700CE7AA6 /* Frameworks */ = {
			isa = PBXFrameworksBuildPhase;
			buildActionMask = 2147483647;
			files = (
			);
			runOnlyForDeploymentPostprocessing = 0;
		};
/* End PBXFrameworksBuildPhase section */

/* Begin PBXGroup section */
		38A7EEDD1ADE5E4700CE7AA6 = {
			isa = PBXGroup;
			children = (
				38A7EEE81ADE5E4700CE7AA6 /* ZCalendar */,
				38A7EF021ADE5E4700CE7AA6 /* ZCalendarTests */,
				38A7EEE71ADE5E4700CE7AA6 /* Products */,
			);
			sourceTree = "<group>";
		};
		38A7EEE71ADE5E4700CE7AA6 /* Products */ = {
			isa = PBXGroup;
			children = (
				38A7EEE61ADE5E4700CE7AA6 /* ZCalendar.app */,
				38A7EEFF1ADE5E4700CE7AA6 /* ZCalendarTests.xctest */,
			);
			name = Products;
			sourceTree = "<group>";
		};
		38A7EEE81ADE5E4700CE7AA6 /* ZCalendar */ = {
			isa = PBXGroup;
			children = (
				38A7EEED1ADE5E4700CE7AA6 /* AppDelegate.h */,
				38A7EEEE1ADE5E4700CE7AA6 /* AppDelegate.m */,
				38A7EEF01ADE5E4700CE7AA6 /* ViewController.h */,
				38A7EEF11ADE5E4700CE7AA6 /* ViewController.m */,
				38A7EEF31ADE5E4700CE7AA6 /* Main.storyboard */,
				38A7EEF61ADE5E4700CE7AA6 /* Images.xcassets */,
				38A7EEF81ADE5E4700CE7AA6 /* LaunchScreen.xib */,
				38A7EEE91ADE5E4700CE7AA6 /* Supporting Files */,
				38A7EF121ADE61DE00CE7AA6 /* ZCalendarCollectionView.h */,
				38A7EF131ADE61DE00CE7AA6 /* ZCalendarCollectionView.m */,
				38A7EF151ADE624500CE7AA6 /* ZCalendarDrawViewCell.h */,
				38A7EF161ADE624500CE7AA6 /* ZCalendarDrawViewCell.m */,
				38A7EF1B1ADE740000CE7AA6 /* ZCalendarView.h */,
				38A7EF1C1ADE740000CE7AA6 /* ZCalendarView.m */,
			);
			path = ZCalendar;
			sourceTree = "<group>";
		};
		38A7EEE91ADE5E4700CE7AA6 /* Supporting Files */ = {
			isa = PBXGroup;
			children = (
				38A7EEEA1ADE5E4700CE7AA6 /* Info.plist */,
				38A7EEEB1ADE5E4700CE7AA6 /* main.m */,
			);
			name = "Supporting Files";
			sourceTree = "<group>";
		};
		38A7EF021ADE5E4700CE7AA6 /* ZCalendarTests */ = {
			isa = PBXGroup;
			children = (
				38A7EF051ADE5E4700CE7AA6 /* ZCalendarTests.m */,
				38A7EF031ADE5E4700CE7AA6 /* Supporting Files */,
			);
			path = ZCalendarTests;
			sourceTree = "<group>";
		};
		38A7EF031ADE5E4700CE7AA6 /* Supporting Files */ = {
			isa = PBXGroup;
			children = (
				38A7EF041ADE5E4700CE7AA6 /* Info.plist */,
			);
			name = "Supporting Files";
			sourceTree = "<group>";
		};
/* End PBXGroup section */

/* Begin PBXNativeTarget section */
		38A7EEE51ADE5E4700CE7AA6 /* ZCalendar */ = {
			isa = PBXNativeTarget;
			buildConfigurationList = 38A7EF091ADE5E4700CE7AA6 /* Build configuration list for PBXNativeTarget "ZCalendar" */;
			buildPhases = (
				38A7EEE21ADE5E4700CE7AA6 /* Sources */,
				38A7EEE31ADE5E4700CE7AA6 /* Frameworks */,
				38A7EEE41ADE5E4700CE7AA6 /* Resources */,
			);
			buildRules = (
			);
			dependencies = (
			);
			name = ZCalendar;
			productName = ZCalendar;
			productReference = 38A7EEE61ADE5E4700CE7AA6 /* ZCalendar.app */;
			productType = "com.apple.product-type.application";
		};
		38A7EEFE1ADE5E4700CE7AA6 /* ZCalendarTests */ = {
			isa = PBXNativeTarget;
			buildConfigurationList = 38A7EF0C1ADE5E4700CE7AA6 /* Build configuration list for PBXNativeTarget "ZCalendarTests" */;
			buildPhases = (
				38A7EEFB1ADE5E4700CE7AA6 /* Sources */,
				38A7EEFC1ADE5E4700CE7AA6 /* Frameworks */,
				38A7EEFD1ADE5E4700CE7AA6 /* Resources */,
			);
			buildRules = (
			);
			dependencies = (
				38A7EF011ADE5E4700CE7AA6 /* PBXTargetDependency */,
			);
			name = ZCalendarTests;
			productName = ZCalendarTests;
			productReference = 38A7EEFF1ADE5E4700CE7AA6 /* ZCalendarTests.xctest */;
			productType = "com.apple.product-type.bundle.unit-test";
		};
/* End PBXNativeTarget section */

/* Begin PBXProject section */
		38A7EEDE1ADE5E4700CE7AA6 /* Project object */ = {
			isa = PBXProject;
			attributes = {
				LastUpgradeCheck = 0630;
				ORGANIZATIONNAME = renxin;
				TargetAttributes = {
					38A7EEE51ADE5E4700CE7AA6 = {
						CreatedOnToolsVersion = 6.3;
					};
					38A7EEFE1ADE5E4700CE7AA6 = {
						CreatedOnToolsVersion = 6.3;
						TestTargetID = 38A7EEE51ADE5E4700CE7AA6;
					};
				};
			};
			buildConfigurationList = 38A7EEE11ADE5E4700CE7AA6 /* Build configuration list for PBXProject "ZCalendar" */;
			compatibilityVersion = "Xcode 3.2";
			developmentRegion = English;
			hasScannedForEncodings = 0;
			knownRegions = (
				en,
				Base,
			);
			mainGroup = 38A7EEDD1ADE5E4700CE7AA6;
			productRefGroup = 38A7EEE71ADE5E4700CE7AA6 /* Products */;
			projectDirPath = "";
			projectRoot = "";
			targets = (
				38A7EEE51ADE5E4700CE7AA6 /* ZCalendar */,
				38A7EEFE1ADE5E4700CE7AA6 /* ZCalendarTests */,
			);
		};
/* End PBXProject section */

/* Begin PBXResourcesBuildPhase section */
		38A7EEE41ADE5E4700CE7AA6 /* Resources */ = {
			isa = PBXResourcesBuildPhase;
			buildActionMask = 2147483647;
			files = (
				38A7EEF51ADE5E4700CE7AA6 /* Main.storyboard in Resources */,
				38A7EEFA1ADE5E4700CE7AA6 /* LaunchScreen.xib in Resources */,
				38A7EEF71ADE5E4700CE7AA6 /* Images.xcassets in Resources */,
			);
			runOnlyForDeploymentPostprocessing = 0;
		};
		38A7EEFD1ADE5E4700CE7AA6 /* Resources */ = {
			isa = PBXResourcesBuildPhase;
			buildActionMask = 2147483647;
			files = (
			);
			runOnlyForDeploymentPostprocessing = 0;
		};
/* End PBXResourcesBuildPhase section */

/* Begin PBXSourcesBuildPhase section */
		38A7EEE21ADE5E4700CE7AA6 /* Sources */ = {
			isa = PBXSourcesBuildPhase;
			buildActionMask = 2147483647;
			files = (
				38A7EF1D1ADE740000CE7AA6 /* ZCalendarView.m in Sources */,
				38A7EEF21ADE5E4700CE7AA6 /* ViewController.m in Sources */,
				38A7EF141ADE61DE00CE7AA6 /* ZCalendarCollectionView.m in Sources */,
				38A7EF171ADE624500CE7AA6 /* ZCalendarDrawViewCell.m in Sources */,
				38A7EEEF1ADE5E4700CE7AA6 /* AppDelegate.m in Sources */,
				38A7EEEC1ADE5E4700CE7AA6 /* main.m in Sources */,
			);
			runOnlyForDeploymentPostprocessing = 0;
		};
		38A7EEFB1ADE5E4700CE7AA6 /* Sources */ = {
			isa = PBXSourcesBuildPhase;
			buildActionMask = 2147483647;
			files = (
				38A7EF061ADE5E4700CE7AA6 /* ZCalendarTests.m in Sources */,
			);
			runOnlyForDeploymentPostprocessing = 0;
		};
/* End PBXSourcesBuildPhase section */

/* Begin PBXTargetDependency section */
		38A7EF011ADE5E4700CE7AA6 /* PBXTargetDependency */ = {
			isa = PBXTargetDependency;
			target = 38A7EEE51ADE5E4700CE7AA6 /* ZCalendar */;
			targetProxy = 38A7EF001ADE5E4700CE7AA6 /* PBXContainerItemProxy */;
		};
/* End PBXTargetDependency section */

/* Begin PBXVariantGroup section */
		38A7EEF31ADE5E4700CE7AA6 /* Main.storyboard */ = {
			isa = PBXVariantGroup;
			children = (
				38A7EEF41ADE5E4700CE7AA6 /* Base */,
			);
			name = Main.storyboard;
			sourceTree = "<group>";
		};
		38A7EEF81ADE5E4700CE7AA6 /* LaunchScreen.xib */ = {
			isa = PBXVariantGroup;
			children = (
				38A7EEF91ADE5E4700CE7AA6 /* Base */,
			);
			name = LaunchScreen.xib;
			sourceTree = "<group>";
		};
/* End PBXVariantGroup section */

/* Begin XCBuildConfiguration section */
		38A7EF071ADE5E4700CE7AA6 /* Debug */ = {
			isa = XCBuildConfiguration;
			buildSettings = {
				ALWAYS_SEARCH_USER_PATHS = NO;
				CLANG_CXX_LANGUAGE_STANDARD = "gnu++0x";
				CLANG_CXX_LIBRARY = "libc++";
				CLANG_ENABLE_MODULES = YES;
				CLANG_ENABLE_OBJC_ARC = YES;
				CLANG_WARN_BOOL_CONVERSION = YES;
				CLANG_WARN_CONSTANT_CONVERSION = YES;
				CLANG_WARN_DIRECT_OBJC_ISA_USAGE = YES_ERROR;
				CLANG_WARN_EMPTY_BODY = YES;
				CLANG_WARN_ENUM_CONVERSION = YES;
				CLANG_WARN_INT_CONVERSION = YES;
				CLANG_WARN_OBJC_ROOT_CLASS = YES_ERROR;
				CLANG_WARN_UNREACHABLE_CODE = YES;
				CLANG_WARN__DUPLICATE_METHOD_MATCH = YES;
				"CODE_SIGN_IDENTITY[sdk=iphoneos*]" = "iPhone Developer";
				COPY_PHASE_STRIP = NO;
				DEBUG_INFORMATION_FORMAT = "dwarf-with-dsym";
				ENABLE_STRICT_OBJC_MSGSEND = YES;
				GCC_C_LANGUAGE_STANDARD = gnu99;
				GCC_DYNAMIC_NO_PIC = NO;
				GCC_NO_COMMON_BLOCKS = YES;
				GCC_OPTIMIZATION_LEVEL = 0;
				GCC_PREPROCESSOR_DEFINITIONS = (
					"DEBUG=1",
					"$(inherited)",
				);
				GCC_SYMBOLS_PRIVATE_EXTERN = NO;
				GCC_WARN_64_TO_32_BIT_CONVERSION = YES;
				GCC_WARN_ABOUT_RETURN_TYPE = YES_ERROR;
				GCC_WARN_UNDECLARED_SELECTOR = YES;
				GCC_WARN_UNINITIALIZED_AUTOS = YES_AGGRESSIVE;
				GCC_WARN_UNUSED_FUNCTION = YES;
				GCC_WARN_UNUSED_VARIABLE = YES;
				IPHONEOS_DEPLOYMENT_TARGET = 8.3;
				MTL_ENABLE_DEBUG_INFO = YES;
				ONLY_ACTIVE_ARCH = YES;
				SDKROOT = iphoneos;
			};
			name = Debug;
		};
		38A7EF081ADE5E4700CE7AA6 /* Release */ = {
			isa = XCBuildConfiguration;
			buildSettings = {
				ALWAYS_SEARCH_USER_PATHS = NO;
				CLANG_CXX_LANGUAGE_STANDARD = "gnu++0x";
				CLANG_CXX_LIBRARY = "libc++";
				CLANG_ENABLE_MODULES = YES;
				CLANG_ENABLE_OBJC_ARC = YES;
				CLANG_WARN_BOOL_CONVERSION = YES;
				CLANG_WARN_CONSTANT_CONVERSION = YES;
				CLANG_WARN_DIRECT_OBJC_ISA_USAGE = YES_ERROR;
				CLANG_WARN_EMPTY_BODY = YES;
				CLANG_WARN_ENUM_CONVERSION = YES;
				CLANG_WARN_INT_CONVERSION = YES;
				CLANG_WARN_OBJC_ROOT_CLASS = YES_ERROR;
				CLANG_WARN_UNREACHABLE_CODE = YES;
				CLANG_WARN__DUPLICATE_METHOD_MATCH = YES;
				"CODE_SIGN_IDENTITY[sdk=iphoneos*]" = "iPhone Developer";
				COPY_PHASE_STRIP = NO;
				DEBUG_INFORMATION_FORMAT = "dwarf-with-dsym";
				ENABLE_NS_ASSERTIONS = NO;
				ENABLE_STRICT_OBJC_MSGSEND = YES;
				GCC_C_LANGUAGE_STANDARD = gnu99;
				GCC_NO_COMMON_BLOCKS = YES;
				GCC_WARN_64_TO_32_BIT_CONVERSION = YES;
				GCC_WARN_ABOUT_RETURN_TYPE = YES_ERROR;
				GCC_WARN_UNDECLARED_SELECTOR = YES;
				GCC_WARN_UNINITIALIZED_AUTOS = YES_AGGRESSIVE;
				GCC_WARN_UNUSED_FUNCTION = YES;
				GCC_WARN_UNUSED_VARIABLE = YES;
				IPHONEOS_DEPLOYMENT_TARGET = 8.3;
				MTL_ENABLE_DEBUG_INFO = NO;
				SDKROOT = iphoneos;
				VALIDATE_PRODUCT = YES;
			};
			name = Release;
		};
		38A7EF0A1ADE5E4700CE7AA6 /* Debug */ = {
			isa = XCBuildConfiguration;
			buildSettings = {
				ASSETCATALOG_COMPILER_APPICON_NAME = AppIcon;
				INFOPLIST_FILE = ZCalendar/Info.plist;
				IPHONEOS_DEPLOYMENT_TARGET = 7.0;
				LD_RUNPATH_SEARCH_PATHS = "$(inherited) @executable_path/Frameworks";
				PRODUCT_NAME = "$(TARGET_NAME)";
			};
			name = Debug;
		};
		38A7EF0B1ADE5E4700CE7AA6 /* Release */ = {
			isa = XCBuildConfiguration;
			buildSettings = {
				ASSETCATALOG_COMPILER_APPICON_NAME = AppIcon;
				INFOPLIST_FILE = ZCalendar/Info.plist;
				IPHONEOS_DEPLOYMENT_TARGET = 7.0;
				LD_RUNPATH_SEARCH_PATHS = "$(inherited) @executable_path/Frameworks";
				PRODUCT_NAME = "$(TARGET_NAME)";
			};
			name = Release;
		};
		38A7EF0D1ADE5E4700CE7AA6 /* Debug */ = {
			isa = XCBuildConfiguration;
			buildSettings = {
				BUNDLE_LOADER = "$(TEST_HOST)";
				FRAMEWORK_SEARCH_PATHS = (
					"$(SDKROOT)/Developer/Library/Frameworks",
					"$(inherited)",
				);
				GCC_PREPROCESSOR_DEFINITIONS = (
					"DEBUG=1",
					"$(inherited)",
				);
				INFOPLIST_FILE = ZCalendarTests/Info.plist;
				LD_RUNPATH_SEARCH_PATHS = "$(inherited) @executable_path/Frameworks @loader_path/Frameworks";
				PRODUCT_NAME = "$(TARGET_NAME)";
				TEST_HOST = "$(BUILT_PRODUCTS_DIR)/ZCalendar.app/ZCalendar";
			};
			name = Debug;
		};
		38A7EF0E1ADE5E4700CE7AA6 /* Release */ = {
			isa = XCBuildConfiguration;
			buildSettings = {
				BUNDLE_LOADER = "$(TEST_HOST)";
				FRAMEWORK_SEARCH_PATHS = (
					"$(SDKROOT)/Developer/Library/Frameworks",
					"$(inherited)",
				);
				INFOPLIST_FILE = ZCalendarTests/Info.plist;
				LD_RUNPATH_SEARCH_PATHS = "$(inherited) @executable_path/Frameworks @loader_path/Frameworks";
				PRODUCT_NAME = "$(TARGET_NAME)";
				TEST_HOST = "$(BUILT_PRODUCTS_DIR)/ZCalendar.app/ZCalendar";
			};
			name = Release;
		};
/* End XCBuildConfiguration section */

/* Begin XCConfigurationList section */
		38A7EEE11ADE5E4700CE7AA6 /* Build configuration list for PBXProject "ZCalendar" */ = {
			isa = XCConfigurationList;
			buildConfigurations = (
				38A7EF071ADE5E4700CE7AA6 /* Debug */,
				38A7EF081ADE5E4700CE7AA6 /* Release */,
			);
			defaultConfigurationIsVisible = 0;
			defaultConfigurationName = Release;
		};
		38A7EF091ADE5E4700CE7AA6 /* Build configuration list for PBXNativeTarget "ZCalendar" */ = {
			isa = XCConfigurationList;
			buildConfigurations = (
				38A7EF0A1ADE5E4700CE7AA6 /* Debug */,
				38A7EF0B1ADE5E4700CE7AA6 /* Release */,
			);
			defaultConfigurationIsVisible = 0;
			defaultConfigurationName = Release;
		};
		38A7EF0C1ADE5E4700CE7AA6 /* Build configuration list for PBXNativeTarget "ZCalendarTests" */ = {
			isa = XCConfigurationList;
			buildConfigurations = (
				38A7EF0D1ADE5E4700CE7AA6 /* Debug */,
				38A7EF0E1ADE5E4700CE7AA6 /* Release */,
			);
			defaultConfigurationIsVisible = 0;
			defaultConfigurationName = Release;
		};
/* End XCConfigurationList section */
	};
	rootObject = 38A7EEDE1ADE5E4700CE7AA6 /* Project object */;
}
