PODS:
  - FBSnapshotTestCase (1.7)
  - UIView-ZQuartz (0.2.0)
  - ZCalendar (1.0.0)

DEPENDENCIES:
  - FBSnapshotTestCase
  - UIView-ZQuartz (from `https://github.com/zhuayi/UIView-ZQuartz.git`)
  - ZCalendar (from `../`)

EXTERNAL SOURCES:
  UIView-ZQuartz:
    :git: https://github.com/zhuayi/UIView-ZQuartz.git
  ZCalendar:
    :path: ../

CHECKOUT OPTIONS:
  UIView-ZQuartz:
    :commit: 902cf2ecf5be7969d1d7252c429a4693fad2b4ca
    :git: https://github.com/zhuayi/UIView-ZQuartz.git

SPEC CHECKSUMS:
  FBSnapshotTestCase: 1eea5145c1f2fa907812ab92e1d6063a8d809b4e
  UIView-ZQuartz: e4966214db3f5808f751acaaebc015c7670d1c92
  ZCalendar: d0fd74f07a943bc40f8b4ce919db6096b2de78fd

COCOAPODS: 0.37.0.beta.1
